
Microsoft Visual Studio Solution File, Format Version 12.00
# Visual Studio Version 16
VisualStudioVersion = 16.0.30406.217
MinimumVisualStudioVersion = 10.0.40219.1
Project("{9A19103F-16F7-4668-BE54-9A1E7A4F7556}") = "easyLib", "ezLib\easyLib.csproj", "{BA55D993-3521-42CC-B6FC-75DE79005CC6}"
EndProject
Project("{9A19103F-16F7-4668-BE54-9A1E7A4F7556}") = "easyDB", "ezDB\easyDB.csproj", "{1D1CCB37-09D9-4A53-BFE6-7ECDFAE9271D}"
EndProject
Project("{9A19103F-16F7-4668-BE54-9A1E7A4F7556}") = "easyTest", "easyTest\easyTest.csproj", "{AFA12440-D5E5-4989-8FC0-845F6A8642CA}"
EndProject
Project("{9A19103F-16F7-4668-BE54-9A1E7A4F7556}") = "TestApp", "TestApp\TestApp.csproj", "{A2A246D0-864F-47D5-A914-5742F837F9A6}"
EndProject
Project("{FAE04EC0-301F-11D3-BF4B-00C04F79EFBC}") = "easyADT", "easyADT\easyADT.csproj", "{93EE8386-66A6-4EEE-82BB-4AB23A7285C1}"
EndProject
Global
	GlobalSection(SolutionConfigurationPlatforms) = preSolution
		Debug|Any CPU = Debug|Any CPU
		Release|Any CPU = Release|Any CPU
	EndGlobalSection
	GlobalSection(ProjectConfigurationPlatforms) = postSolution
		{BA55D993-3521-42CC-B6FC-75DE79005CC6}.Debug|Any CPU.ActiveCfg = Debug|Any CPU
		{BA55D993-3521-42CC-B6FC-75DE79005CC6}.Debug|Any CPU.Build.0 = Debug|Any CPU
		{BA55D993-3521-42CC-B6FC-75DE79005CC6}.Release|Any CPU.ActiveCfg = Release|Any CPU
		{BA55D993-3521-42CC-B6FC-75DE79005CC6}.Release|Any CPU.Build.0 = Release|Any CPU
		{1D1CCB37-09D9-4A53-BFE6-7ECDFAE9271D}.Debug|Any CPU.ActiveCfg = Debug|Any CPU
		{1D1CCB37-09D9-4A53-BFE6-7ECDFAE9271D}.Debug|Any CPU.Build.0 = Debug|Any CPU
		{1D1CCB37-09D9-4A53-BFE6-7ECDFAE9271D}.Release|Any CPU.ActiveCfg = Release|Any CPU
		{1D1CCB37-09D9-4A53-BFE6-7ECDFAE9271D}.Release|Any CPU.Build.0 = Release|Any CPU
		{AFA12440-D5E5-4989-8FC0-845F6A8642CA}.Debug|Any CPU.ActiveCfg = Debug|Any CPU
		{AFA12440-D5E5-4989-8FC0-845F6A8642CA}.Debug|Any CPU.Build.0 = Debug|Any CPU
		{AFA12440-D5E5-4989-8FC0-845F6A8642CA}.Release|Any CPU.ActiveCfg = Release|Any CPU
		{AFA12440-D5E5-4989-8FC0-845F6A8642CA}.Release|Any CPU.Build.0 = Release|Any CPU
		{A2A246D0-864F-47D5-A914-5742F837F9A6}.Debug|Any CPU.ActiveCfg = Debug|Any CPU
		{A2A246D0-864F-47D5-A914-5742F837F9A6}.Debug|Any CPU.Build.0 = Debug|Any CPU
		{A2A246D0-864F-47D5-A914-5742F837F9A6}.Release|Any CPU.ActiveCfg = Release|Any CPU
		{A2A246D0-864F-47D5-A914-5742F837F9A6}.Release|Any CPU.Build.0 = Release|Any CPU
		{93EE8386-66A6-4EEE-82BB-4AB23A7285C1}.Debug|Any CPU.ActiveCfg = Debug|Any CPU
		{93EE8386-66A6-4EEE-82BB-4AB23A7285C1}.Debug|Any CPU.Build.0 = Debug|Any CPU
		{93EE8386-66A6-4EEE-82BB-4AB23A7285C1}.Release|Any CPU.ActiveCfg = Release|Any CPU
		{93EE8386-66A6-4EEE-82BB-4AB23A7285C1}.Release|Any CPU.Build.0 = Release|Any CPU
	EndGlobalSection
	GlobalSection(SolutionProperties) = preSolution
		HideSolutionNode = FALSE
	EndGlobalSection
	GlobalSection(ExtensibilityGlobals) = postSolution
		SolutionGuid = {9F31A876-6B34-409E-940A-7470A5B22649}
	EndGlobalSection
EndGlobal
